
Microsoft Visual Studio Solution File, Format Version 12.00
# Visual Studio Version 17
VisualStudioVersion = 17.3.32901.215
MinimumVisualStudioVersion = 10.0.40219.1
Project("{FAE04EC0-301F-11D3-BF4B-00C04F79EFBC}") = "Hola_Resort", "Hola_Resort\Hola_Resort.csproj", "{6C11EF63-6C07-4349-A3CE-61B5C7336B21}"
EndProject
Global
	GlobalSection(SolutionConfigurationPlatforms) = preSolution
		Debug|Any CPU = Debug|Any CPU
		Release|Any CPU = Release|Any CPU
	EndGlobalSection
	GlobalSection(ProjectConfigurationPlatforms) = postSolution
		{6C11EF63-6C07-4349-A3CE-61B5C7336B21}.Debug|Any CPU.ActiveCfg = Debug|Any CPU
		{6C11EF63-6C07-4349-A3CE-61B5C7336B21}.Debug|Any CPU.Build.0 = Debug|Any CPU
		{6C11EF63-6C07-4349-A3CE-61B5C7336B21}.Release|Any CPU.ActiveCfg = Release|Any CPU
		{6C11EF63-6C07-4349-A3CE-61B5C7336B21}.Release|Any CPU.Build.0 = Release|Any CPU
	EndGlobalSection
	GlobalSection(SolutionProperties) = preSolution
		HideSolutionNode = FALSE
	EndGlobalSection
	GlobalSection(ExtensibilityGlobals) = postSolution
		SolutionGuid = {C2E5A2E2-7A1D-4CD4-92D4-DCF061C8474B}
	EndGlobalSection
EndGlobal
